
Microsoft Visual Studio Solution File, Format Version 12.00
Project("{FAE04EC0-301F-11D3-BF4B-00C04F79EFBC}") = "BotManager.Main", "BotManager.Main\BotManager.Main.csproj", "{F19120FB-AA81-4893-8651-5B4300FE90D9}"
EndProject
Project("{FAE04EC0-301F-11D3-BF4B-00C04F79EFBC}") = "BotManager.Db", "BotManager.Db\BotManager.Db.csproj", "{FCF59841-BE6A-4274-BFDE-CCDFC5BEFF11}"
EndProject
Project("{FAE04EC0-301F-11D3-BF4B-00C04F79EFBC}") = "BotManager.Identity", "BotManager.Identity\BotManager.Identity.csproj", "{8F84BDB3-73AD-4EAF-8B8C-53FC63ED179C}"
EndProject
Project("{2150E333-8FDC-42A3-9474-1A3956D46DE8}") = "Data", "Data", "{A2B4A3CE-BFCA-4A35-BD88-BFDB16B43363}"
EndProject
Project("{2150E333-8FDC-42A3-9474-1A3956D46DE8}") = "Web", "Web", "{A04CF302-28E2-4880-8540-1D31C02EC0F8}"
EndProject
Project("{FAE04EC0-301F-11D3-BF4B-00C04F79EFBC}") = "BotManager.WebUi", "BotManager.WebUi\BotManager.WebUi.csproj", "{E02B9232-8438-4E40-B164-51F7AE8D1230}"
EndProject
Project("{2150E333-8FDC-42A3-9474-1A3956D46DE8}") = "Services", "Services", "{53E349B1-FBB6-47F8-ADB2-5556F3B08955}"
EndProject
Project("{FAE04EC0-301F-11D3-BF4B-00C04F79EFBC}") = "BotManager.Services", "BotManager.Services\BotManager.Services.csproj", "{E74D5980-B80E-4695-8CBE-011C7B27CC99}"
EndProject
Project("{2150E333-8FDC-42A3-9474-1A3956D46DE8}") = "Bot", "Bot", "{27C60F39-C6F0-4CE2-96E9-6D6F3830CB92}"
EndProject
Project("{FAE04EC0-301F-11D3-BF4B-00C04F79EFBC}") = "BotManager.Bot", "BotManager.Bot\BotManager.Bot.csproj", "{7E1F3894-F7EC-4498-B180-FFC654EC5E3E}"
EndProject
Project("{2150E333-8FDC-42A3-9474-1A3956D46DE8}") = "Core", "Core", "{36AD0C4B-DEA3-4789-9182-1620F1AFE8E4}"
EndProject
Project("{FAE04EC0-301F-11D3-BF4B-00C04F79EFBC}") = "BotManager.Interfaces", "BotManager.Interfaces\BotManager.Interfaces.csproj", "{34BB1F00-B021-4CFD-83BD-541E0FE69D84}"
EndProject
Project("{FAE04EC0-301F-11D3-BF4B-00C04F79EFBC}") = "BotManager.DI", "BotManager.DI\BotManager.DI.csproj", "{86D3A51F-A2FA-4F5C-B41F-4F81005C48EF}"
EndProject
Project("{2150E333-8FDC-42A3-9474-1A3956D46DE8}") = "Modules", "Modules", "{EB07B35F-709B-44B9-8E7B-B6E6A83A1DFE}"
EndProject
Project("{FAE04EC0-301F-11D3-BF4B-00C04F79EFBC}") = "BotManager.ImageProcessing", "BotManager.ImageProcessing\BotManager.ImageProcessing.csproj", "{93F10ABB-08E5-4E40-AFA4-C7EC92A3197D}"
EndProject
Project("{FAE04EC0-301F-11D3-BF4B-00C04F79EFBC}") = "BotManager.Resources", "BotManager.Resources\BotManager.Resources.csproj", "{0719A195-E5C7-4BCC-BD55-3A049E6BA997}"
EndProject
Global
	GlobalSection(SolutionConfigurationPlatforms) = preSolution
		Debug|Any CPU = Debug|Any CPU
		Release|Any CPU = Release|Any CPU
	EndGlobalSection
	GlobalSection(ProjectConfigurationPlatforms) = postSolution
		{F19120FB-AA81-4893-8651-5B4300FE90D9}.Debug|Any CPU.ActiveCfg = Debug|Any CPU
		{F19120FB-AA81-4893-8651-5B4300FE90D9}.Debug|Any CPU.Build.0 = Debug|Any CPU
		{F19120FB-AA81-4893-8651-5B4300FE90D9}.Release|Any CPU.ActiveCfg = Release|Any CPU
		{F19120FB-AA81-4893-8651-5B4300FE90D9}.Release|Any CPU.Build.0 = Release|Any CPU
		{FCF59841-BE6A-4274-BFDE-CCDFC5BEFF11}.Debug|Any CPU.ActiveCfg = Debug|Any CPU
		{FCF59841-BE6A-4274-BFDE-CCDFC5BEFF11}.Debug|Any CPU.Build.0 = Debug|Any CPU
		{FCF59841-BE6A-4274-BFDE-CCDFC5BEFF11}.Release|Any CPU.ActiveCfg = Release|Any CPU
		{FCF59841-BE6A-4274-BFDE-CCDFC5BEFF11}.Release|Any CPU.Build.0 = Release|Any CPU
		{8F84BDB3-73AD-4EAF-8B8C-53FC63ED179C}.Debug|Any CPU.ActiveCfg = Debug|Any CPU
		{8F84BDB3-73AD-4EAF-8B8C-53FC63ED179C}.Debug|Any CPU.Build.0 = Debug|Any CPU
		{8F84BDB3-73AD-4EAF-8B8C-53FC63ED179C}.Release|Any CPU.ActiveCfg = Release|Any CPU
		{8F84BDB3-73AD-4EAF-8B8C-53FC63ED179C}.Release|Any CPU.Build.0 = Release|Any CPU
		{E02B9232-8438-4E40-B164-51F7AE8D1230}.Debug|Any CPU.ActiveCfg = Debug|Any CPU
		{E02B9232-8438-4E40-B164-51F7AE8D1230}.Debug|Any CPU.Build.0 = Debug|Any CPU
		{E02B9232-8438-4E40-B164-51F7AE8D1230}.Release|Any CPU.ActiveCfg = Release|Any CPU
		{E02B9232-8438-4E40-B164-51F7AE8D1230}.Release|Any CPU.Build.0 = Release|Any CPU
		{E74D5980-B80E-4695-8CBE-011C7B27CC99}.Debug|Any CPU.ActiveCfg = Debug|Any CPU
		{E74D5980-B80E-4695-8CBE-011C7B27CC99}.Debug|Any CPU.Build.0 = Debug|Any CPU
		{E74D5980-B80E-4695-8CBE-011C7B27CC99}.Release|Any CPU.ActiveCfg = Release|Any CPU
		{E74D5980-B80E-4695-8CBE-011C7B27CC99}.Release|Any CPU.Build.0 = Release|Any CPU
		{7E1F3894-F7EC-4498-B180-FFC654EC5E3E}.Debug|Any CPU.ActiveCfg = Debug|Any CPU
		{7E1F3894-F7EC-4498-B180-FFC654EC5E3E}.Debug|Any CPU.Build.0 = Debug|Any CPU
		{7E1F3894-F7EC-4498-B180-FFC654EC5E3E}.Release|Any CPU.ActiveCfg = Release|Any CPU
		{7E1F3894-F7EC-4498-B180-FFC654EC5E3E}.Release|Any CPU.Build.0 = Release|Any CPU
		{34BB1F00-B021-4CFD-83BD-541E0FE69D84}.Debug|Any CPU.ActiveCfg = Debug|Any CPU
		{34BB1F00-B021-4CFD-83BD-541E0FE69D84}.Debug|Any CPU.Build.0 = Debug|Any CPU
		{34BB1F00-B021-4CFD-83BD-541E0FE69D84}.Release|Any CPU.ActiveCfg = Release|Any CPU
		{34BB1F00-B021-4CFD-83BD-541E0FE69D84}.Release|Any CPU.Build.0 = Release|Any CPU
		{86D3A51F-A2FA-4F5C-B41F-4F81005C48EF}.Debug|Any CPU.ActiveCfg = Debug|Any CPU
		{86D3A51F-A2FA-4F5C-B41F-4F81005C48EF}.Debug|Any CPU.Build.0 = Debug|Any CPU
		{86D3A51F-A2FA-4F5C-B41F-4F81005C48EF}.Release|Any CPU.ActiveCfg = Release|Any CPU
		{86D3A51F-A2FA-4F5C-B41F-4F81005C48EF}.Release|Any CPU.Build.0 = Release|Any CPU
		{93F10ABB-08E5-4E40-AFA4-C7EC92A3197D}.Debug|Any CPU.ActiveCfg = Debug|Any CPU
		{93F10ABB-08E5-4E40-AFA4-C7EC92A3197D}.Debug|Any CPU.Build.0 = Debug|Any CPU
		{93F10ABB-08E5-4E40-AFA4-C7EC92A3197D}.Release|Any CPU.ActiveCfg = Release|Any CPU
		{93F10ABB-08E5-4E40-AFA4-C7EC92A3197D}.Release|Any CPU.Build.0 = Release|Any CPU
		{0719A195-E5C7-4BCC-BD55-3A049E6BA997}.Debug|Any CPU.ActiveCfg = Debug|Any CPU
		{0719A195-E5C7-4BCC-BD55-3A049E6BA997}.Debug|Any CPU.Build.0 = Debug|Any CPU
		{0719A195-E5C7-4BCC-BD55-3A049E6BA997}.Release|Any CPU.ActiveCfg = Release|Any CPU
		{0719A195-E5C7-4BCC-BD55-3A049E6BA997}.Release|Any CPU.Build.0 = Release|Any CPU
	EndGlobalSection
	GlobalSection(NestedProjects) = preSolution
		{FCF59841-BE6A-4274-BFDE-CCDFC5BEFF11} = {A2B4A3CE-BFCA-4A35-BD88-BFDB16B43363}
		{8F84BDB3-73AD-4EAF-8B8C-53FC63ED179C} = {A2B4A3CE-BFCA-4A35-BD88-BFDB16B43363}
		{E02B9232-8438-4E40-B164-51F7AE8D1230} = {A04CF302-28E2-4880-8540-1D31C02EC0F8}
		{E74D5980-B80E-4695-8CBE-011C7B27CC99} = {53E349B1-FBB6-47F8-ADB2-5556F3B08955}
		{7E1F3894-F7EC-4498-B180-FFC654EC5E3E} = {27C60F39-C6F0-4CE2-96E9-6D6F3830CB92}
		{34BB1F00-B021-4CFD-83BD-541E0FE69D84} = {36AD0C4B-DEA3-4789-9182-1620F1AFE8E4}
		{86D3A51F-A2FA-4F5C-B41F-4F81005C48EF} = {53E349B1-FBB6-47F8-ADB2-5556F3B08955}
		{93F10ABB-08E5-4E40-AFA4-C7EC92A3197D} = {EB07B35F-709B-44B9-8E7B-B6E6A83A1DFE}
		{0719A195-E5C7-4BCC-BD55-3A049E6BA997} = {A2B4A3CE-BFCA-4A35-BD88-BFDB16B43363}
	EndGlobalSection
EndGlobal
